
Microsoft Visual Studio Solution File, Format Version 12.00
# Visual Studio Version 17
VisualStudioVersion = 17.1.32319.34
MinimumVisualStudioVersion = 10.0.40219.1
Project("{8BC9CEB8-8B4A-11D0-8D11-00A0C91BC942}") = "assignment_snkgme", "assignment_snkgme.vcxproj", "{F133395A-BB2C-4C73-B0E1-03A962B83093}"
EndProject
Global
	GlobalSection(SolutionConfigurationPlatforms) = preSolution
		Debug|x64 = Debug|x64
		Debug|x86 = Debug|x86
		Release|x64 = Release|x64
		Release|x86 = Release|x86
	EndGlobalSection
	GlobalSection(ProjectConfigurationPlatforms) = postSolution
		{F133395A-BB2C-4C73-B0E1-03A962B83093}.Debug|x64.ActiveCfg = Debug|x64
		{F133395A-BB2C-4C73-B0E1-03A962B83093}.Debug|x64.Build.0 = Debug|x64
		{F133395A-BB2C-4C73-B0E1-03A962B83093}.Debug|x86.ActiveCfg = Debug|Win32
		{F133395A-BB2C-4C73-B0E1-03A962B83093}.Debug|x86.Build.0 = Debug|Win32
		{F133395A-BB2C-4C73-B0E1-03A962B83093}.Release|x64.ActiveCfg = Release|x64
		{F133395A-BB2C-4C73-B0E1-03A962B83093}.Release|x64.Build.0 = Release|x64
		{F133395A-BB2C-4C73-B0E1-03A962B83093}.Release|x86.ActiveCfg = Release|Win32
		{F133395A-BB2C-4C73-B0E1-03A962B83093}.Release|x86.Build.0 = Release|Win32
	EndGlobalSection
	GlobalSection(SolutionProperties) = preSolution
		HideSolutionNode = FALSE
	EndGlobalSection
	GlobalSection(ExtensibilityGlobals) = postSolution
		SolutionGuid = {F14CF678-C5A7-45FB-AF11-F1491AC66CC9}
	EndGlobalSection
EndGlobal
